{
  "name": "projects-ideas",
  "lockfileVersion": 3,
  "requires": true,
  "packages": {
    "": {
      "dependencies": {
        "embla-carousel": "^8.0.0-rc03"
      }
    },
    "node_modules/embla-carousel": {
      "version": "8.0.0-rc03",
      "resolved": "https://registry.npmjs.org/embla-carousel/-/embla-carousel-8.0.0-rc03.tgz",
      "integrity": "sha512-2goVwmTYZdGFcRejbYJlaC/iWDPv/VAsASE60uLQYLSKpuQRTxq/huu548OozLsH/2uSelVszvmzfinZnnk/iw=="
    }
  }
}
